{
  "version": 4,
  "terraform_version": "1.6.3",
  "serial": 177,
  "lineage": "125a682a-6c77-a595-bbb6-f89d79fde814",
  "outputs": {},
  "resources": [
    {
      "mode": "data",
      "type": "aws_caller_identity",
      "name": "current",
      "provider": "provider[\"registry.terraform.io/hashicorp/aws\"]",
      "instances": [
        {
          "schema_version": 0,
          "attributes": {
            "account_id": "339712899280",
            "arn": "arn:aws:iam::339712899280:user/rox_services_deployment_user",
            "id": "339712899280",
            "user_id": "AIDAU6GDXPDIEKFFGRHCF"
          },
          "sensitive_attributes": []
        }
      ]
    },
    {
      "mode": "data",
      "type": "aws_ecr_authorization_token",
      "name": "token",
      "provider": "provider[\"registry.terraform.io/hashicorp/aws\"]",
      "instances": [
        {
          "schema_version": 0,
          "attributes": {
            "authorization_token": "QVdTOmV5SndZWGxzYjJGa0lqb2lWbmxIY2psbVVEQTVjRFJTTm5wNlVTdHNkV0V2UWpjck1FTkhlREpJVVhKVVRuQTVOM1I0YTBSTGIwcEdUekZ1Wm1SWU5XUllPV040YmpNNFprUk9SQzlRUkhoSlkzTkdkRGxwVVZsWmVXbG5aRTl5VjNabE9XeFdaWEpwZDJSdE5UVnJTemRqUzFwaVJHSk5NREZzYjNsd1dHNUNaemxDZVU1bVpFWmpjRzU0TXk5MlRqZG9ibkF2YUZCQ05ERndObEpaUm1WMlVtaEtNMGQwVFVOaGMyaHhTRnBXTDFReFJUTXphVWhoVm5kd09UZHZVR0pCY2tOek1XMUdSbEYwWVNzeE1HOVBXbFZoYWs1emJYVm5XamRLTW13Mk0yZE1Sa1JRU21aWmIyNUdibVF4WTFaNGQwTndlVTFOUldwSFRtNUVjakJ2U0V4UGNVUklUSEZsZUZVM1VYcFVUUzltTUhOM1RtbzJaVVJ5T1RGTlpVNURPRUowYVZNNWNVRjJiRzEzT1dKTFpVOXNjR2xOZEhoNWVHWnNNVUVyUTJwUU1XRkVhR1JMZWt4SFozZGxhbTlsSzFOelYyMVlTbkpXYlhFNVdHcFhkbHBTTTNoWlVWVlNhMmRoYW01U05USmFLelY0YURkdlVHZE1URWRFTkdkVmN6QTNWVGMyTjBsV0szVkpOVkJrVEd0Q1EzTllNblJTVVZaQ1pqbEZSMUJSYWxGeFpsa3daMFk1YUVnek4xa3hjV3RDSzBZNVQzWktRbTgyVG10U1owMUJhMFJCVjJSNmJ6TlFiSFF3U25aelVHTjJha1ZyT0U5UU5FVndiVGR3WjNJNFpWcGhiSGhPU0dWcGNVOTNZVVZtTlZoaVl6aE9VWFUxZVU5bU4xQnhUWEZrYkdsTlpFdE9XV1psZGt0R2IybHhlbWxKZEhSQ2NFUjNiazFaYlhScVJGcDViWFJ6VUZoVFMxSklUVkZxYWtKTVQxZHNMM2hvZW01MlEzUllTMjh3YkhKNVRGSldPVTl1ZWxOWmVFeHBhVzlzTlhBdmNURjBTRlZPY2tSdlFuTnBSM2RZWW1sMlZreEVibFZLVW13MFVsSm5SeTg0ZFdGSFJEaFNZbTE2V201QmFUWTJPRWhRWWtWNlZtRmtNVWM1YmpGVVpreFVUMjVGV0V0eU5FVlFVbE5qT1c5SEx6VlRVRkZDUWpBMVpERm5OWGxWWW1jeGFsSjViM1ZvWlRWamJWcFpMMloxZW1ab2FsWmhSVVpJVUV4aVdHVXdaRE0xV214RFUzRk9RMmRXYW5jd1VGZEJVRWxDVkRWRFlUbDBhVTFNUVdOcFZVTlFlRFV5ZWxGNlpXaFBhSEV6TVZsUlFuRlpXSFY1UzBWU2VGcEtWekU1YW1scGIxcHpWemsxYnpCSFZ6RlFZMDkyUm5GelJIUmhWV1I1T1hsTFdFa3JhVmRLT0c1alpGSnJlVTF3YjBveFdsYzNRMU0wVjBsa1ZqVlJlVzFDYlZaNmNFMW9jR0pFTkhFeFZHeG9NRzVOWW1nNVpHaDRUVVozVUVweWRVRXJNalIzWm5oelJFMUVLemN3Yms5R1YweFhTRGRHV0c1ellYQjFPVGxuTWpob1kyY3lXR1JHTWtvMk1WWmhXV1JKVUhKUU4zSkdNa0ZCTldZeVFqVkVNM0F2VlZaS1RIRjJOM2RqZVRGWWNVWTJZVVJDVjFwQ2RtSTFhV2xYYWswM2Iya3hjVXBMWVROUGNXbEhLMnBpVVZaaGFrNWpZVFkzWW5sMk5qRm5TakZIYlc1dVZUZFZkSGRYZW1ac2VGY3ZUamhRWlRndllXNTVkRXBrYzFGeVQyTjJWVVZyUFNJc0ltUmhkR0ZyWlhraU9pSkJVVWxDUVVob1puSkdVVEpoU1VsM1JqVldZemM1VWtoRlVFZHVZMVZYZFhJeUwwcDZUVGgwTDFwNmIwVjBVbkpCWjBoWWQwTmlNRXN5VUdaNldUVnhRVUpNWTJKM1VGUkJRVUZCWm1wQ09FSm5hM0ZvYTJsSE9YY3dRa0ozWVdkaWVrSjBRV2RGUVUxSFowZERVM0ZIVTBsaU0wUlJSVWhCVkVGbFFtZHNaMmhyWjBKYVVVMUZRVk0wZDBWUlVVMXFNVTVwT1ZWU1lqbEtaM0pZY1V0dlFXZEZVV2RFZFdGNEwzaG9TVFZ0TTB4alJYaHdWblJDU0M5NVZqZGpWak5VWmxFd1NFMW1hM1ZGZDNkVmRGWlhhbmxaZVZONlJFaFdOVlJVVjFOVmJHNWpiVFp4SzNWUVRUVXZiR0ZRYzJKSVVWWmhSbWM5UFNJc0luWmxjbk5wYjI0aU9pSXlJaXdpZEhsd1pTSTZJa1JCVkVGZlMwVlpJaXdpWlhod2FYSmhkR2x2YmlJNk1UY3hNemN4TXpjNE1IMD0=",
            "expires_at": "2024-04-21T15:36:20Z",
            "id": "eu-north-1",
            "password": "eyJwYXlsb2FkIjoiVnlHcjlmUDA5cDRSNnp6UStsdWEvQjcrMENHeDJIUXJUTnA5N3R4a0RLb0pGTzFuZmRYNWRYOWN4bjM4ZkRORC9QRHhJY3NGdDlpUVlZeWlnZE9yV3ZlOWxWZXJpd2RtNTVrSzdjS1piRGJNMDFsb3lwWG5CZzlCeU5mZEZjcG54My92TjdobnAvaFBCNDFwNlJZRmV2UmhKM0d0TUNhc2hxSFpWL1QxRTMzaUhhVndwOTdvUGJBckNzMW1GRlF0YSsxMG9PWlVhak5zbXVnWjdKMmw2M2dMRkRQSmZZb25GbmQxY1Z4d0NweU1NRWpHTm5EcjBvSExPcURITHFleFU3UXpUTS9mMHN3Tmo2ZURyOTFNZU5DOEJ0aVM5cUF2bG13OWJLZU9scGlNdHh5eGZsMUErQ2pQMWFEaGRLekxHZ3dlam9lK1NzV21YSnJWbXE5WGpXdlpSM3hZUVVSa2dham5SNTJaKzV4aDdvUGdMTEdENGdVczA3VTc2N0lWK3VJNVBkTGtCQ3NYMnRSUVZCZjlFR1BRalFxZlkwZ0Y5aEgzN1kxcWtCK0Y5T3ZKQm82TmtSZ01Ba0RBV2R6bzNQbHQwSnZzUGN2akVrOE9QNEVwbTdwZ3I4ZVphbHhOSGVpcU93YUVmNVhiYzhOUXU1eU9mN1BxTXFkbGlNZEtOWWZldktGb2lxemlJdHRCcER3bk1ZbXRqRFp5bXRzUFhTS1JITVFqakJMT1dsL3hoem52Q3RYS28wbHJ5TFJWOU9uelNZeExpaW9sNXAvcTF0SFVOckRvQnNpR3dYYml2VkxEblVKUmw0UlJnRy84dWFHRDhSYm16Wm5BaTY2OEhQYkV6VmFkMUc5bjFUZkxUT25FWEtyNEVQUlNjOW9HLzVTUFFCQjA1ZDFnNXlVYmcxalJ5b3VoZTVjbVpZL2Z1emZoalZhRUZIUExiWGUwZDM1WmxDU3FOQ2dWancwUFdBUElCVDVDYTl0aU1MQWNpVUNQeDUyelF6ZWhPaHEzMVlRQnFZWHV5S0VSeFpKVzE5amlpb1pzVzk1bzBHVzFQY092RnFzRHRhVWR5OXlLWEkraVdKOG5jZFJreU1wb0oxWlc3Q1M0V0lkVjVReW1CbVZ6cE1ocGJENHExVGxoMG5NYmg5ZGh4TUZ3UEpydUErMjR3ZnhzRE1EKzcwbk9GV0xXSDdGWG5zYXB1OTlnMjhoY2cyWGRGMko2MVZhWWRJUHJQN3JGMkFBNWYyQjVEM3AvVVZKTHF2N3djeTFYcUY2YURCV1pCdmI1aWlXak03b2kxcUpLYTNPcWlHK2piUVZhak5jYTY3Ynl2NjFnSjFHbW5uVTdVdHdXemZseFcvTjhQZTgvYW55dEpkc1FyT2N2VUVrPSIsImRhdGFrZXkiOiJBUUlCQUhoZnJGUTJhSUl3RjVWYzc5UkhFUEduY1VXdXIyL0p6TTh0L1p6b0V0UnJBZ0hYd0NiMEsyUGZ6WTVxQUJMY2J3UFRBQUFBZmpCOEJna3Foa2lHOXcwQkJ3YWdiekJ0QWdFQU1HZ0dDU3FHU0liM0RRRUhBVEFlQmdsZ2hrZ0JaUU1FQVM0d0VRUU1qMU5pOVVSYjlKZ3JYcUtvQWdFUWdEdWF4L3hoSTVtM0xjRXhwVnRCSC95VjdjVjNUZlEwSE1ma3VFd3dVdFZXanlZeVN6REhWNVRUV1NVbG5jbTZxK3VQTTUvbGFQc2JIUVZhRmc9PSIsInZlcnNpb24iOiIyIiwidHlwZSI6IkRBVEFfS0VZIiwiZXhwaXJhdGlvbiI6MTcxMzcxMzc4MH0=",
            "proxy_endpoint": "https://339712899280.dkr.ecr.eu-north-1.amazonaws.com",
            "registry_id": null,
            "user_name": "AWS"
          },
          "sensitive_attributes": []
        }
      ]
    },
    {
      "mode": "data",
      "type": "aws_iam_policy_document",
      "name": "assume_role",
      "provider": "provider[\"registry.terraform.io/hashicorp/aws\"]",
      "instances": [
        {
          "schema_version": 0,
          "attributes": {
            "id": "1604711841",
            "json": "{\n  \"Version\": \"2012-10-17\",\n  \"Statement\": [\n    {\n      \"Effect\": \"Allow\",\n      \"Action\": \"sts:AssumeRole\",\n      \"Principal\": {\n        \"Service\": \"lambda.amazonaws.com\"\n      }\n    }\n  ]\n}",
            "override_json": null,
            "override_policy_documents": null,
            "policy_id": null,
            "source_json": null,
            "source_policy_documents": null,
            "statement": [
              {
                "actions": [
                  "sts:AssumeRole"
                ],
                "condition": [],
                "effect": "Allow",
                "not_actions": [],
                "not_principals": [],
                "not_resources": [],
                "principals": [
                  {
                    "identifiers": [
                      "lambda.amazonaws.com"
                    ],
                    "type": "Service"
                  }
                ],
                "resources": [],
                "sid": ""
              }
            ],
            "version": "2012-10-17"
          },
          "sensitive_attributes": []
        }
      ]
    },
    {
      "mode": "data",
      "type": "aws_iam_policy_document",
      "name": "cloudwatch_policy",
      "provider": "provider[\"registry.terraform.io/hashicorp/aws\"]",
      "instances": [
        {
          "schema_version": 0,
          "attributes": {
            "id": "16712114",
            "json": "{\n  \"Version\": \"2012-10-17\",\n  \"Statement\": [\n    {\n      \"Effect\": \"Allow\",\n      \"Action\": [\n        \"logs:PutLogEvents\",\n        \"logs:CreateLogStream\",\n        \"logs:CreateLogGroup\"\n      ],\n      \"Resource\": \"arn:aws:logs:*:*:*\"\n    }\n  ]\n}",
            "override_json": null,
            "override_policy_documents": null,
            "policy_id": null,
            "source_json": null,
            "source_policy_documents": null,
            "statement": [
              {
                "actions": [
                  "logs:CreateLogGroup",
                  "logs:CreateLogStream",
                  "logs:PutLogEvents"
                ],
                "condition": [],
                "effect": "Allow",
                "not_actions": [],
                "not_principals": [],
                "not_resources": [],
                "principals": [],
                "resources": [
                  "arn:aws:logs:*:*:*"
                ],
                "sid": ""
              }
            ],
            "version": "2012-10-17"
          },
          "sensitive_attributes": []
        }
      ]
    },
    {
      "mode": "managed",
      "type": "aws_api_gateway_deployment",
      "name": "example_deployment",
      "provider": "provider[\"registry.terraform.io/hashicorp/aws\"]",
      "instances": [
        {
          "schema_version": 0,
          "attributes": {
            "created_date": "2024-04-21T03:36:57Z",
            "description": "",
            "execution_arn": "arn:aws:execute-api:eu-north-1:339712899280:00ps1jt8cf/prod",
            "id": "iyj7xl",
            "invoke_url": "https://00ps1jt8cf.execute-api.eu-north-1.amazonaws.com/prod",
            "rest_api_id": "00ps1jt8cf",
            "stage_description": null,
            "stage_name": "prod",
            "triggers": null,
            "variables": null
          },
          "sensitive_attributes": [],
          "private": "bnVsbA==",
          "dependencies": [
            "aws_api_gateway_integration.integration",
            "aws_api_gateway_method.catch_all_method",
            "aws_api_gateway_resource.catch_all_resource",
            "aws_api_gateway_rest_api.api_gateway",
            "aws_ecr_repository.shedular",
            "aws_iam_role.iam_for_lambda",
            "aws_lambda_function.test_lambda",
            "data.aws_caller_identity.current",
            "data.aws_ecr_authorization_token.token",
            "data.aws_iam_policy_document.assume_role",
            "docker_image.lambda_image",
            "docker_registry_image.helloworld"
          ]
        }
      ]
    },
    {
      "mode": "managed",
      "type": "aws_api_gateway_integration",
      "name": "integration",
      "provider": "provider[\"registry.terraform.io/hashicorp/aws\"]",
      "instances": [
        {
          "schema_version": 0,
          "attributes": {
            "cache_key_parameters": null,
            "cache_namespace": "kllauh",
            "connection_id": "",
            "connection_type": "INTERNET",
            "content_handling": "",
            "credentials": "",
            "http_method": "ANY",
            "id": "agi-00ps1jt8cf-kllauh-ANY",
            "integration_http_method": "POST",
            "passthrough_behavior": "WHEN_NO_MATCH",
            "request_parameters": null,
            "request_templates": null,
            "resource_id": "kllauh",
            "rest_api_id": "00ps1jt8cf",
            "timeout_milliseconds": 29000,
            "tls_config": [],
            "type": "AWS_PROXY",
            "uri": "arn:aws:apigateway:eu-north-1:lambda:path/2015-03-31/functions/arn:aws:lambda:eu-north-1:339712899280:function:rox_api_services_lambda/invocations"
          },
          "sensitive_attributes": [],
          "private": "bnVsbA==",
          "dependencies": [
            "aws_api_gateway_method.catch_all_method",
            "aws_api_gateway_resource.catch_all_resource",
            "aws_api_gateway_rest_api.api_gateway",
            "aws_ecr_repository.shedular",
            "aws_iam_role.iam_for_lambda",
            "aws_lambda_function.test_lambda",
            "data.aws_caller_identity.current",
            "data.aws_ecr_authorization_token.token",
            "data.aws_iam_policy_document.assume_role",
            "docker_image.lambda_image",
            "docker_registry_image.helloworld"
          ]
        }
      ]
    },
    {
      "mode": "managed",
      "type": "aws_api_gateway_method",
      "name": "catch_all_method",
      "provider": "provider[\"registry.terraform.io/hashicorp/aws\"]",
      "instances": [
        {
          "schema_version": 0,
          "attributes": {
            "api_key_required": false,
            "authorization": "NONE",
            "authorization_scopes": null,
            "authorizer_id": null,
            "http_method": "ANY",
            "id": "agm-00ps1jt8cf-kllauh-ANY",
            "operation_name": null,
            "request_models": null,
            "request_parameters": null,
            "request_validator_id": null,
            "resource_id": "kllauh",
            "rest_api_id": "00ps1jt8cf"
          },
          "sensitive_attributes": [],
          "private": "bnVsbA==",
          "dependencies": [
            "aws_api_gateway_resource.catch_all_resource",
            "aws_api_gateway_rest_api.api_gateway"
          ]
        }
      ]
    },
    {
      "mode": "managed",
      "type": "aws_api_gateway_resource",
      "name": "catch_all_resource",
      "provider": "provider[\"registry.terraform.io/hashicorp/aws\"]",
      "instances": [
        {
          "schema_version": 0,
          "attributes": {
            "id": "kllauh",
            "parent_id": "8v36rkhlu1",
            "path": "/{proxy+}",
            "path_part": "{proxy+}",
            "rest_api_id": "00ps1jt8cf"
          },
          "sensitive_attributes": [],
          "private": "bnVsbA==",
          "dependencies": [
            "aws_api_gateway_rest_api.api_gateway"
          ]
        }
      ]
    },
    {
      "mode": "managed",
      "type": "aws_api_gateway_rest_api",
      "name": "api_gateway",
      "provider": "provider[\"registry.terraform.io/hashicorp/aws\"]",
      "instances": [
        {
          "schema_version": 0,
          "attributes": {
            "api_key_source": "HEADER",
            "arn": "arn:aws:apigateway:eu-north-1::/restapis/00ps1jt8cf",
            "binary_media_types": [],
            "body": null,
            "created_date": "2024-04-21T03:36:55Z",
            "description": "",
            "disable_execute_api_endpoint": false,
            "endpoint_configuration": [
              {
                "types": [
                  "REGIONAL"
                ],
                "vpc_endpoint_ids": []
              }
            ],
            "execution_arn": "arn:aws:execute-api:eu-north-1:339712899280:00ps1jt8cf",
            "fail_on_warnings": null,
            "id": "00ps1jt8cf",
            "minimum_compression_size": "",
            "name": "api-gateway_rox_api_services",
            "parameters": null,
            "policy": "",
            "put_rest_api_mode": null,
            "root_resource_id": "8v36rkhlu1",
            "tags": null,
            "tags_all": {}
          },
          "sensitive_attributes": [],
          "private": "bnVsbA=="
        }
      ]
    },
    {
      "mode": "managed",
      "type": "aws_ecr_repository",
      "name": "shedular",
      "provider": "provider[\"registry.terraform.io/hashicorp/aws\"]",
      "instances": [
        {
          "schema_version": 0,
          "attributes": {
            "arn": "arn:aws:ecr:eu-north-1:339712899280:repository/repo_rox_api_services",
            "encryption_configuration": [
              {
                "encryption_type": "AES256",
                "kms_key": ""
              }
            ],
            "force_delete": null,
            "id": "repo_rox_api_services",
            "image_scanning_configuration": [
              {
                "scan_on_push": false
              }
            ],
            "image_tag_mutability": "MUTABLE",
            "name": "repo_rox_api_services",
            "registry_id": "339712899280",
            "repository_url": "339712899280.dkr.ecr.eu-north-1.amazonaws.com/repo_rox_api_services",
            "tags": {},
            "tags_all": {},
            "timeouts": null
          },
          "sensitive_attributes": [],
          "private": "eyJlMmJmYjczMC1lY2FhLTExZTYtOGY4OC0zNDM2M2JjN2M0YzAiOnsiZGVsZXRlIjoxMjAwMDAwMDAwMDAwfX0="
        }
      ]
    },
    {
      "mode": "managed",
      "type": "aws_iam_role",
      "name": "iam_for_lambda",
      "provider": "provider[\"registry.terraform.io/hashicorp/aws\"]",
      "instances": [
        {
          "schema_version": 0,
          "attributes": {
            "arn": "arn:aws:iam::339712899280:role/rox_api_services_iam_for_lambda",
            "assume_role_policy": "{\"Statement\":[{\"Action\":\"sts:AssumeRole\",\"Effect\":\"Allow\",\"Principal\":{\"Service\":\"lambda.amazonaws.com\"}}],\"Version\":\"2012-10-17\"}",
            "create_date": "2024-04-21T03:03:51Z",
            "description": "",
            "force_detach_policies": false,
            "id": "rox_api_services_iam_for_lambda",
            "inline_policy": [
              {
                "name": "cloudwatch_lambda_policy",
                "policy": "{\"Version\":\"2012-10-17\",\"Statement\":[{\"Action\":[\"logs:PutLogEvents\",\"logs:CreateLogStream\",\"logs:CreateLogGroup\"],\"Effect\":\"Allow\",\"Resource\":\"arn:aws:logs:*:*:*\"}]}"
              }
            ],
            "managed_policy_arns": [],
            "max_session_duration": 3600,
            "name": "rox_api_services_iam_for_lambda",
            "name_prefix": "",
            "path": "/",
            "permissions_boundary": "",
            "tags": {},
            "tags_all": {},
            "unique_id": "AROAU6GDXPDIGAFUTOVKJ"
          },
          "sensitive_attributes": [],
          "private": "bnVsbA==",
          "dependencies": [
            "data.aws_iam_policy_document.assume_role"
          ]
        }
      ]
    },
    {
      "mode": "managed",
      "type": "aws_iam_role_policy",
      "name": "cloudwatch_policy",
      "provider": "provider[\"registry.terraform.io/hashicorp/aws\"]",
      "instances": [
        {
          "schema_version": 0,
          "attributes": {
            "id": "rox_api_services_iam_for_lambda:cloudwatch_lambda_policy",
            "name": "cloudwatch_lambda_policy",
            "name_prefix": "",
            "policy": "{\"Version\":\"2012-10-17\",\"Statement\":[{\"Action\":[\"logs:PutLogEvents\",\"logs:CreateLogStream\",\"logs:CreateLogGroup\"],\"Effect\":\"Allow\",\"Resource\":\"arn:aws:logs:*:*:*\"}]}",
            "role": "rox_api_services_iam_for_lambda"
          },
          "sensitive_attributes": [],
          "private": "bnVsbA==",
          "dependencies": [
            "aws_iam_role.iam_for_lambda",
            "data.aws_iam_policy_document.assume_role",
            "data.aws_iam_policy_document.cloudwatch_policy"
          ]
        }
      ]
    },
    {
      "mode": "managed",
      "type": "aws_lambda_function",
      "name": "test_lambda",
      "provider": "provider[\"registry.terraform.io/hashicorp/aws\"]",
      "instances": [
        {
          "schema_version": 0,
          "attributes": {
            "architectures": [
              "x86_64"
            ],
            "arn": "arn:aws:lambda:eu-north-1:339712899280:function:rox_api_services_lambda",
            "code_signing_config_arn": "",
            "dead_letter_config": [],
            "description": "api service for rox-ai",
            "environment": [],
            "ephemeral_storage": [
              {
                "size": 512
              }
            ],
            "file_system_config": [],
            "filename": null,
            "function_name": "rox_api_services_lambda",
            "handler": "",
            "id": "rox_api_services_lambda",
            "image_config": [],
            "image_uri": "339712899280.dkr.ecr.eu-north-1.amazonaws.com/repo_rox_api_services:latest",
            "invoke_arn": "arn:aws:apigateway:eu-north-1:lambda:path/2015-03-31/functions/arn:aws:lambda:eu-north-1:339712899280:function:rox_api_services_lambda/invocations",
            "kms_key_arn": "",
            "last_modified": "2024-04-21T03:31:58.618+0000",
            "layers": [],
            "logging_config": [
              {
                "application_log_level": "",
                "log_format": "Text",
                "log_group": "/aws/lambda/rox_api_services_lambda",
                "system_log_level": ""
              }
            ],
            "memory_size": 128,
            "package_type": "Image",
            "publish": false,
            "qualified_arn": "arn:aws:lambda:eu-north-1:339712899280:function:rox_api_services_lambda:$LATEST",
            "qualified_invoke_arn": "arn:aws:apigateway:eu-north-1:lambda:path/2015-03-31/functions/arn:aws:lambda:eu-north-1:339712899280:function:rox_api_services_lambda:$LATEST/invocations",
            "replace_security_groups_on_destroy": null,
            "replacement_security_group_ids": null,
            "reserved_concurrent_executions": -1,
            "role": "arn:aws:iam::339712899280:role/rox_api_services_iam_for_lambda",
            "runtime": "",
            "s3_bucket": null,
            "s3_key": null,
            "s3_object_version": null,
            "signing_job_arn": "",
            "signing_profile_version_arn": "",
            "skip_destroy": false,
            "snap_start": [],
            "source_code_hash": "8f64253bcc0399f66eb9306084d46c62bc9574463adf4f042b06c1a08436bbf3",
            "source_code_size": 0,
            "tags": {},
            "tags_all": {},
            "timeout": 10,
            "timeouts": null,
            "tracing_config": [
              {
                "mode": "PassThrough"
              }
            ],
            "version": "$LATEST",
            "vpc_config": []
          },
          "sensitive_attributes": [],
          "private": "eyJlMmJmYjczMC1lY2FhLTExZTYtOGY4OC0zNDM2M2JjN2M0YzAiOnsiY3JlYXRlIjo2MDAwMDAwMDAwMDAsImRlbGV0ZSI6NjAwMDAwMDAwMDAwLCJ1cGRhdGUiOjYwMDAwMDAwMDAwMH19",
          "dependencies": [
            "aws_ecr_repository.shedular",
            "aws_iam_role.iam_for_lambda",
            "data.aws_caller_identity.current",
            "data.aws_ecr_authorization_token.token",
            "data.aws_iam_policy_document.assume_role",
            "docker_image.lambda_image",
            "docker_registry_image.helloworld"
          ]
        }
      ]
    },
    {
      "mode": "managed",
      "type": "aws_lambda_permission",
      "name": "apigw_lambda",
      "provider": "provider[\"registry.terraform.io/hashicorp/aws\"]",
      "instances": [
        {
          "schema_version": 0,
          "attributes": {
            "action": "lambda:InvokeFunction",
            "event_source_token": null,
            "function_name": "rox_api_services_lambda",
            "function_url_auth_type": null,
            "id": "AllowExecutionFromAPIGateway",
            "principal": "apigateway.amazonaws.com",
            "principal_org_id": null,
            "qualifier": "",
            "source_account": null,
            "source_arn": "arn:aws:execute-api:eu-north-1:339712899280:00ps1jt8cf/*/*",
            "statement_id": "AllowExecutionFromAPIGateway",
            "statement_id_prefix": ""
          },
          "sensitive_attributes": [],
          "private": "bnVsbA==",
          "dependencies": [
            "aws_api_gateway_rest_api.api_gateway",
            "aws_ecr_repository.shedular",
            "aws_iam_role.iam_for_lambda",
            "aws_lambda_function.test_lambda",
            "data.aws_caller_identity.current",
            "data.aws_ecr_authorization_token.token",
            "data.aws_iam_policy_document.assume_role",
            "docker_image.lambda_image",
            "docker_registry_image.helloworld"
          ]
        }
      ]
    },
    {
      "mode": "managed",
      "type": "docker_image",
      "name": "lambda_image",
      "provider": "provider[\"registry.terraform.io/kreuzwerker/docker\"]",
      "instances": [
        {
          "schema_version": 0,
          "attributes": {
            "build": [
              {
                "auth_config": [],
                "build_arg": {},
                "build_args": {},
                "build_id": "",
                "cache_from": [],
                "cgroup_parent": "",
                "context": "../files",
                "cpu_period": 0,
                "cpu_quota": 0,
                "cpu_set_cpus": "",
                "cpu_set_mems": "",
                "cpu_shares": 0,
                "dockerfile": "Dockerfile",
                "extra_hosts": [],
                "force_remove": false,
                "isolation": "",
                "label": {},
                "labels": {},
                "memory": 0,
                "memory_swap": 0,
                "network_mode": "",
                "no_cache": false,
                "platform": "",
                "pull_parent": false,
                "remote_context": "",
                "remove": true,
                "security_opt": [],
                "session_id": "",
                "shm_size": 0,
                "squash": false,
                "suppress_output": false,
                "tag": [],
                "target": "",
                "ulimit": [],
                "version": ""
              }
            ],
            "force_remove": null,
            "id": "sha256:f0e3a28e32c83dfdb170f67bd4a2f2130fda88d0ef59d805a9f4704cd171f614339712899280.dkr.ecr.eu-north-1.amazonaws.com/repo_rox_api_services:latest",
            "image_id": "sha256:f0e3a28e32c83dfdb170f67bd4a2f2130fda88d0ef59d805a9f4704cd171f614",
            "keep_locally": null,
            "name": "339712899280.dkr.ecr.eu-north-1.amazonaws.com/repo_rox_api_services:latest",
            "platform": null,
            "pull_triggers": null,
            "repo_digest": "339712899280.dkr.ecr.eu-north-1.amazonaws.com/repo_rox_api_services@sha256:8f64253bcc0399f66eb9306084d46c62bc9574463adf4f042b06c1a08436bbf3",
            "triggers": {
              "dir_sha1": "fec1b75759a559574a117fcc64c3ec5da39b314e"
            }
          },
          "sensitive_attributes": [],
          "private": "bnVsbA==",
          "dependencies": [
            "aws_ecr_repository.shedular",
            "data.aws_caller_identity.current",
            "data.aws_ecr_authorization_token.token"
          ]
        }
      ]
    },
    {
      "mode": "managed",
      "type": "docker_registry_image",
      "name": "helloworld",
      "provider": "provider[\"registry.terraform.io/kreuzwerker/docker\"]",
      "instances": [
        {
          "schema_version": 0,
          "attributes": {
            "id": "sha256:8f64253bcc0399f66eb9306084d46c62bc9574463adf4f042b06c1a08436bbf3",
            "insecure_skip_verify": false,
            "keep_remotely": false,
            "name": "339712899280.dkr.ecr.eu-north-1.amazonaws.com/repo_rox_api_services:latest",
            "sha256_digest": "sha256:8f64253bcc0399f66eb9306084d46c62bc9574463adf4f042b06c1a08436bbf3",
            "triggers": null
          },
          "sensitive_attributes": [],
          "private": "bnVsbA==",
          "dependencies": [
            "aws_ecr_repository.shedular",
            "data.aws_caller_identity.current",
            "data.aws_ecr_authorization_token.token",
            "docker_image.lambda_image"
          ]
        }
      ]
    }
  ],
  "check_results": null
}
