{
  "version": 4,
  "terraform_version": "1.6.3",
  "serial": 170,
  "lineage": "125a682a-6c77-a595-bbb6-f89d79fde814",
  "outputs": {},
  "resources": [
    {
      "mode": "data",
      "type": "aws_caller_identity",
      "name": "current",
      "provider": "provider[\"registry.terraform.io/hashicorp/aws\"]",
      "instances": [
        {
          "schema_version": 0,
          "attributes": {
            "account_id": "339712899280",
            "arn": "arn:aws:iam::339712899280:user/rox_services_deployment_user",
            "id": "339712899280",
            "user_id": "AIDAU6GDXPDIEKFFGRHCF"
          },
          "sensitive_attributes": []
        }
      ]
    },
    {
      "mode": "data",
      "type": "aws_ecr_authorization_token",
      "name": "token",
      "provider": "provider[\"registry.terraform.io/hashicorp/aws\"]",
      "instances": [
        {
          "schema_version": 0,
          "attributes": {
            "authorization_token": "QVdTOmV5SndZWGxzYjJGa0lqb2lWRGw2UzB4UmMzVjNZbUZ3WTFOdU5Ia3lUbFZwTlhOWk9VVk1RamRFVERCVWNpdElNVkpOVDNoME1EUnBMMnA1TkdKSFNEaHdOSFYzU2xSWVlsRTVka1paWWxOcVRVczNWV3MxVWtWRmIyVk1TMlI0WkRaSkt5OWFlbGd2VlZRd1pIbEdSbXhZZDBnck1rdHhkMUpDTkd0bmVVTTJibWczZDBOYVdFY3lkazU2VkVOVVUwRjRSMmtyWVZGNE5sWlJZMUZzUjFrNGFuUTJPR2x1UzFGVVVYSXJVbmhyWTFncmR6QmhXV0pPUWtGVVNHcDRVRVV3V2pWNWFFZDJUalZwUm5JeVMwMVNXbmxqWmpkR01EY3pOeXQ1VDNjMFdUWllVM1JXYVdnNGR6Qk9OM00xU0N0R01YWkVWbE5XYzJFNWRYUmlSa1pTZFVkd1JXVjFRbTV3WkM4ek15c3JWVEJuZVRsTmNEUk9lRzVyU0ZOM1R6VkdUeTlKTDB0T2QwaEtZelpLUjNRdk1UazJOR2RYVmpGU1FuWkZNbGhtVVRKbE9UUlViRmgxTVRZME1VTkljSFU0VGt4RldtczVWRTVDT1hwbU1XMXdOVVo0VVVGSmNra3JZV1Z6ZFZWWk9URjZaRFUzWW04MGFuWlhRMWxZTjJNdlVETm9SREJUZG5FM1MwMWtja2RzV1hwTkx6Vk9VblJUV0hBclkwMVVXRkZHYldWNk1sSjBkRGhYYkhKUFIyZEJaV0ZNTjNJM1kzRk9WMU5LVTFWd2NUUjFTMlo0VUdSalozcDZjbmxtUnpWRWMzWXZReTlDZUV0RmJGRmpSVEZ4YW13NFJVcFBPRzh5VlU5emVtTlRORlZYVDNrNE9ETnJaa04wYkZCTlRXeE9jWGR4WjNSSEx5dEhaREZPYkhWdlJIRkNiSE1yUW5NeFVHcFNjWEZrYjFKd1ZFOUROVFpuUkRSTmJEVnZaWE5vWW5oMmNYcGhhVGxwU1hOS04wMDJjM1pFZURsdE5tZHFTbEoxWkZkbk0zTktjR05VUlZFeEsyOW9jbVJ0ZVc4dlJIWmhXa2cyYUhsUmJGQnVkRTl5TUN0RU9ISkNkVE55TlRWSVRTOWthMFZpUnpGUUszVlplWEFyWXpaclVuTTRRaTlrZVM5MFNsVXlaRGxUWTFGcE1YbFNTakp6VjJzMVFrOTRWRGwzU1hOa1VFSkRZMlJGYWxOR2RsZzBiSEpvTVdZNFpHVlJiRE5wYTFoMWNtcDBhMmRuTTNKRGVUTm5ORk00TlhWbVpXbENWMFpWWjFKWlNsVjRZV2t5VHl0TmNHWXJVVTVITTNCMVlXUXJTa1l5WjB4U1dubDZOR3RFVFc5bGRIWTBWMVJvVkhsYU9FMTVXamhyUkcxSVdtMXdSSEYxWlZVcmVrNDNOM0pySzJoTGNuZzNNRlIwWWpOMGRGQXJXakpDVTJnMWMySlFiakJ0VTJvNWMyMUNSVVp4Y1ZobVNEZFBlaTh4Y0U1MGVrcFVhUzg1V1hKRE5HRllWemMxVmtsRlRWSTNZa1F2WTJnMmRrcDVSMHhKTWxKM2QySktkek5OU1c5c1UwcDRhRTFyT1VoR1VXMVNZbEYwTXpCQlpsRnBkVnBtZDNSdmNWWkdRbkYzTlhoWlVrRnFOWGRqUkhKck1WUmFPV3h4U1ZCQ01rRm1RMEZ5UVc5d2JtMXNlVmN6YnpOelFYTnVkM0l3ZDFKR2VHSnVXRGh1YURCemJtSlZPRGh5YzNObVVYY3ZRVEJsVVRSRE0yNXNXWEUxY3pCWVMzWkVRVkpuVm5oMk1IcG1ZV3RRTm1OVE4zRjRWSGxxZW10UlQyVkpjVzVVY1U1M1dsWXJWWEI0UTJsWGIzZHJNalJLT0hsaWFGcDVWRzUyUm5aWlRFNUtlVVJPZGxseksydG1LM2RVWW00d1dFTkNNRUpwTkZKVFNIYzlQU0lzSW1SaGRHRnJaWGtpT2lKQlVVbENRVWhvWm5KR1VUSmhTVWwzUmpWV1l6YzVVa2hGVUVkdVkxVlhkWEl5TDBwNlRUaDBMMXA2YjBWMFVuSkJaMFUwSzJWT0syeEVTemRLY1VjclZtWXJVa0ZQVG5WQlFVRkJabXBDT0VKbmEzRm9hMmxIT1hjd1FrSjNZV2RpZWtKMFFXZEZRVTFIWjBkRFUzRkhVMGxpTTBSUlJVaEJWRUZsUW1kc1oyaHJaMEphVVUxRlFWTTBkMFZSVVUxbVRuWnZjWE5HYUVodVRYcEZaa1ZaUVdkRlVXZEVkbkIzVnpsUFMxZE5kRnA0ZWk5dlUzRTFRbUo1VGpGNk1sQnhWVXB1YzFWeEt6RXhOMnRRV1dRM0sweGhRazEyU2xwMk1ubEZTQzlQYVVaVVlVRmlPVzlvYTAxWk5YSXdNMGhxZFc5dVVIYzlQU0lzSW5abGNuTnBiMjRpT2lJeUlpd2lkSGx3WlNJNklrUkJWRUZmUzBWWklpd2laWGh3YVhKaGRHbHZiaUk2TVRjeE16Y3hNelE0TlgwPQ==",
            "expires_at": "2024-04-21T15:31:25Z",
            "id": "eu-north-1",
            "password": "eyJwYXlsb2FkIjoiVDl6S0xRc3V3YmFwY1NuNHkyTlVpNXNZOUVMQjdETDBUcitIMVJNT3h0MDRpL2p5NGJHSDhwNHV3SlRYYlE5dkZZYlNqTUs3VWs1UkVFb2VMS2R4ZDZJKy9aelgvVVQwZHlGRmxYd0grMktxd1JCNGtneUM2bmg3d0NaWEcydk56VENUU0F4R2krYVF4NlZRY1FsR1k4anQ2OGluS1FUUXIrUnhrY1grdzBhWWJOQkFUSGp4UEUwWjV5aEd2TjVpRnIyS01SWnljZjdGMDczNyt5T3c0WTZYU3RWaWg4dzBON3M1SCtGMXZEVlNWc2E5dXRiRkZSdUdwRWV1Qm5wZC8zMysrVTBneTlNcDROeG5rSFN3TzVGTy9JL0tOd0hKYzZKR3QvMTk2NGdXVjFSQnZFMlhmUTJlOTRUbFh1MTY0MUNIcHU4TkxFWms5VE5COXpmMW1wNUZ4UUFJckkrYWVzdVVZOTF6ZDU3Ym80anZXQ1lYN2MvUDNoRDBTdnE3S01kckdsWXpNLzVOUnRTWHArY01UWFFGbWV6MlJ0dDhXbHJPR2dBZWFMN3I3Y3FOV1NKU1VwcTR1S2Z4UGRjZ3p6cnlmRzVEc3YvQy9CeEtFbFFjRTFxamw4RUpPOG8yVU9zemNTNFVXT3k4ODNrZkN0bFBNTWxOcXdxZ3RHLytHZDFObHVvRHFCbHMrQnMxUGpScXFkb1JwVE9DNTZnRDRNbDVvZXNoYnh2cXphaTlpSXNKN002c3ZEeDltNmdqSlJ1ZFdnM3NKcGNURVExK29ocmRteW8vRHZhWkg2aHlRbFBudE9yMCtEOHJCdTNyNTVITS9ka0ViRzFQK3VZeXArYzZrUnM4Qi9keS90SlUyZDlTY1FpMXlSSjJzV2s1Qk94VDl3SXNkUEJDY2RFalNGdlg0bHJoMWY4ZGVRbDNpa1h1cmp0a2dnM3JDeTNnNFM4NXVmZWlCV0ZVZ1JZSlV4YWkyTytNcGYrUU5HM3B1YWQrSkYyZ0xSWnl6NGtETW9ldHY0V1RoVHlaOE15WjhrRG1IWm1wRHF1ZVUrek43N3JrK2hLcng3MFR0YjN0dFArWjJCU2g1c2JQbjBtU2o5c21CRUZxcVhmSDdPei8xcE50ekpUaS85WXJDNGFYVzc1VklFTVI3YkQvY2g2dkp5R0xJMlJ3d2JKdzNNSW9sU0p4aE1rOUhGUW1SYlF0MzBBZlFpdVpmd3RvcVZGQnF3NXhZUkFqNXdjRHJrMVRaOWxxSVBCMkFmQ0FyQW9wbm1seVczbzNzQXNud3Iwd1JGeGJuWDhuaDBzbmJVODhyc3NmUXcvQTBlUTRDM25sWXE1czBYS3ZEQVJnVnh2MHpmYWtQNmNTN3F4VHlqemtRT2VJcW5UcU53WlYrVXB4Q2lXb3drMjRKOHliaFp5VG52RnZZTE5KeUROdllzK2tmK3dUYm4wWENCMEJpNFJTSHc9PSIsImRhdGFrZXkiOiJBUUlCQUhoZnJGUTJhSUl3RjVWYzc5UkhFUEduY1VXdXIyL0p6TTh0L1p6b0V0UnJBZ0U0K2VOK2xESzdKcUcrVmYrUkFPTnVBQUFBZmpCOEJna3Foa2lHOXcwQkJ3YWdiekJ0QWdFQU1HZ0dDU3FHU0liM0RRRUhBVEFlQmdsZ2hrZ0JaUU1FQVM0d0VRUU1mTnZvcXNGaEhuTXpFZkVZQWdFUWdEdnB3VzlPS1dNdFp4ei9vU3E1QmJ5TjF6MlBxVUpuc1VxKzExN2tQWWQ3K0xhQk12Slp2MnlFSC9PaUZUYUFiOW9oa01ZNXIwM0hqdW9uUHc9PSIsInZlcnNpb24iOiIyIiwidHlwZSI6IkRBVEFfS0VZIiwiZXhwaXJhdGlvbiI6MTcxMzcxMzQ4NX0=",
            "proxy_endpoint": "https://339712899280.dkr.ecr.eu-north-1.amazonaws.com",
            "registry_id": null,
            "user_name": "AWS"
          },
          "sensitive_attributes": []
        }
      ]
    },
    {
      "mode": "data",
      "type": "aws_iam_policy_document",
      "name": "assume_role",
      "provider": "provider[\"registry.terraform.io/hashicorp/aws\"]",
      "instances": [
        {
          "schema_version": 0,
          "attributes": {
            "id": "1604711841",
            "json": "{\n  \"Version\": \"2012-10-17\",\n  \"Statement\": [\n    {\n      \"Effect\": \"Allow\",\n      \"Action\": \"sts:AssumeRole\",\n      \"Principal\": {\n        \"Service\": \"lambda.amazonaws.com\"\n      }\n    }\n  ]\n}",
            "override_json": null,
            "override_policy_documents": null,
            "policy_id": null,
            "source_json": null,
            "source_policy_documents": null,
            "statement": [
              {
                "actions": [
                  "sts:AssumeRole"
                ],
                "condition": [],
                "effect": "Allow",
                "not_actions": [],
                "not_principals": [],
                "not_resources": [],
                "principals": [
                  {
                    "identifiers": [
                      "lambda.amazonaws.com"
                    ],
                    "type": "Service"
                  }
                ],
                "resources": [],
                "sid": ""
              }
            ],
            "version": "2012-10-17"
          },
          "sensitive_attributes": []
        }
      ]
    },
    {
      "mode": "data",
      "type": "aws_iam_policy_document",
      "name": "cloudwatch_policy",
      "provider": "provider[\"registry.terraform.io/hashicorp/aws\"]",
      "instances": [
        {
          "schema_version": 0,
          "attributes": {
            "id": "16712114",
            "json": "{\n  \"Version\": \"2012-10-17\",\n  \"Statement\": [\n    {\n      \"Effect\": \"Allow\",\n      \"Action\": [\n        \"logs:PutLogEvents\",\n        \"logs:CreateLogStream\",\n        \"logs:CreateLogGroup\"\n      ],\n      \"Resource\": \"arn:aws:logs:*:*:*\"\n    }\n  ]\n}",
            "override_json": null,
            "override_policy_documents": null,
            "policy_id": null,
            "source_json": null,
            "source_policy_documents": null,
            "statement": [
              {
                "actions": [
                  "logs:CreateLogGroup",
                  "logs:CreateLogStream",
                  "logs:PutLogEvents"
                ],
                "condition": [],
                "effect": "Allow",
                "not_actions": [],
                "not_principals": [],
                "not_resources": [],
                "principals": [],
                "resources": [
                  "arn:aws:logs:*:*:*"
                ],
                "sid": ""
              }
            ],
            "version": "2012-10-17"
          },
          "sensitive_attributes": []
        }
      ]
    },
    {
      "mode": "managed",
      "type": "aws_ecr_repository",
      "name": "shedular",
      "provider": "provider[\"registry.terraform.io/hashicorp/aws\"]",
      "instances": [
        {
          "schema_version": 0,
          "attributes": {
            "arn": "arn:aws:ecr:eu-north-1:339712899280:repository/repo_rox_api_services",
            "encryption_configuration": [
              {
                "encryption_type": "AES256",
                "kms_key": ""
              }
            ],
            "force_delete": null,
            "id": "repo_rox_api_services",
            "image_scanning_configuration": [
              {
                "scan_on_push": false
              }
            ],
            "image_tag_mutability": "MUTABLE",
            "name": "repo_rox_api_services",
            "registry_id": "339712899280",
            "repository_url": "339712899280.dkr.ecr.eu-north-1.amazonaws.com/repo_rox_api_services",
            "tags": {},
            "tags_all": {},
            "timeouts": null
          },
          "sensitive_attributes": [],
          "private": "eyJlMmJmYjczMC1lY2FhLTExZTYtOGY4OC0zNDM2M2JjN2M0YzAiOnsiZGVsZXRlIjoxMjAwMDAwMDAwMDAwfX0="
        }
      ]
    },
    {
      "mode": "managed",
      "type": "aws_iam_role",
      "name": "iam_for_lambda",
      "provider": "provider[\"registry.terraform.io/hashicorp/aws\"]",
      "instances": [
        {
          "schema_version": 0,
          "attributes": {
            "arn": "arn:aws:iam::339712899280:role/rox_api_services_iam_for_lambda",
            "assume_role_policy": "{\"Statement\":[{\"Action\":\"sts:AssumeRole\",\"Effect\":\"Allow\",\"Principal\":{\"Service\":\"lambda.amazonaws.com\"}}],\"Version\":\"2012-10-17\"}",
            "create_date": "2024-04-21T03:03:51Z",
            "description": "",
            "force_detach_policies": false,
            "id": "rox_api_services_iam_for_lambda",
            "inline_policy": [
              {
                "name": "cloudwatch_lambda_policy",
                "policy": "{\"Version\":\"2012-10-17\",\"Statement\":[{\"Action\":[\"logs:PutLogEvents\",\"logs:CreateLogStream\",\"logs:CreateLogGroup\"],\"Effect\":\"Allow\",\"Resource\":\"arn:aws:logs:*:*:*\"}]}"
              }
            ],
            "managed_policy_arns": [],
            "max_session_duration": 3600,
            "name": "rox_api_services_iam_for_lambda",
            "name_prefix": "",
            "path": "/",
            "permissions_boundary": "",
            "tags": {},
            "tags_all": {},
            "unique_id": "AROAU6GDXPDIGAFUTOVKJ"
          },
          "sensitive_attributes": [],
          "private": "bnVsbA==",
          "dependencies": [
            "data.aws_iam_policy_document.assume_role"
          ]
        }
      ]
    },
    {
      "mode": "managed",
      "type": "aws_iam_role_policy",
      "name": "cloudwatch_policy",
      "provider": "provider[\"registry.terraform.io/hashicorp/aws\"]",
      "instances": [
        {
          "schema_version": 0,
          "attributes": {
            "id": "rox_api_services_iam_for_lambda:cloudwatch_lambda_policy",
            "name": "cloudwatch_lambda_policy",
            "name_prefix": "",
            "policy": "{\"Version\":\"2012-10-17\",\"Statement\":[{\"Action\":[\"logs:PutLogEvents\",\"logs:CreateLogStream\",\"logs:CreateLogGroup\"],\"Effect\":\"Allow\",\"Resource\":\"arn:aws:logs:*:*:*\"}]}",
            "role": "rox_api_services_iam_for_lambda"
          },
          "sensitive_attributes": [],
          "private": "bnVsbA==",
          "dependencies": [
            "aws_iam_role.iam_for_lambda",
            "data.aws_iam_policy_document.assume_role",
            "data.aws_iam_policy_document.cloudwatch_policy"
          ]
        }
      ]
    },
    {
      "mode": "managed",
      "type": "aws_lambda_function",
      "name": "test_lambda",
      "provider": "provider[\"registry.terraform.io/hashicorp/aws\"]",
      "instances": [
        {
          "schema_version": 0,
          "attributes": {
            "architectures": [
              "x86_64"
            ],
            "arn": "arn:aws:lambda:eu-north-1:339712899280:function:rox_api_services_lambda",
            "code_signing_config_arn": "",
            "dead_letter_config": [],
            "description": "api service for rox-ai",
            "environment": [],
            "ephemeral_storage": [
              {
                "size": 512
              }
            ],
            "file_system_config": [],
            "filename": null,
            "function_name": "rox_api_services_lambda",
            "handler": "",
            "id": "rox_api_services_lambda",
            "image_config": [],
            "image_uri": "339712899280.dkr.ecr.eu-north-1.amazonaws.com/repo_rox_api_services:latest",
            "invoke_arn": "arn:aws:apigateway:eu-north-1:lambda:path/2015-03-31/functions/arn:aws:lambda:eu-north-1:339712899280:function:rox_api_services_lambda/invocations",
            "kms_key_arn": "",
            "last_modified": "2024-04-21T03:15:48.782+0000",
            "layers": [],
            "logging_config": [
              {
                "application_log_level": "",
                "log_format": "Text",
                "log_group": "/aws/lambda/rox_api_services_lambda",
                "system_log_level": ""
              }
            ],
            "memory_size": 128,
            "package_type": "Image",
            "publish": false,
            "qualified_arn": "arn:aws:lambda:eu-north-1:339712899280:function:rox_api_services_lambda:$LATEST",
            "qualified_invoke_arn": "arn:aws:apigateway:eu-north-1:lambda:path/2015-03-31/functions/arn:aws:lambda:eu-north-1:339712899280:function:rox_api_services_lambda:$LATEST/invocations",
            "replace_security_groups_on_destroy": null,
            "replacement_security_group_ids": null,
            "reserved_concurrent_executions": -1,
            "role": "arn:aws:iam::339712899280:role/rox_api_services_iam_for_lambda",
            "runtime": "",
            "s3_bucket": null,
            "s3_key": null,
            "s3_object_version": null,
            "signing_job_arn": "",
            "signing_profile_version_arn": "",
            "skip_destroy": false,
            "snap_start": [],
            "source_code_hash": "8f64253bcc0399f66eb9306084d46c62bc9574463adf4f042b06c1a08436bbf3",
            "source_code_size": 0,
            "tags": {},
            "tags_all": {},
            "timeout": 10,
            "timeouts": null,
            "tracing_config": [
              {
                "mode": "PassThrough"
              }
            ],
            "version": "$LATEST",
            "vpc_config": []
          },
          "sensitive_attributes": [],
          "private": "eyJlMmJmYjczMC1lY2FhLTExZTYtOGY4OC0zNDM2M2JjN2M0YzAiOnsiY3JlYXRlIjo2MDAwMDAwMDAwMDAsImRlbGV0ZSI6NjAwMDAwMDAwMDAwLCJ1cGRhdGUiOjYwMDAwMDAwMDAwMH19",
          "dependencies": [
            "aws_ecr_repository.shedular",
            "aws_iam_role.iam_for_lambda",
            "data.aws_caller_identity.current",
            "data.aws_ecr_authorization_token.token",
            "data.aws_iam_policy_document.assume_role",
            "docker_image.lambda_image",
            "docker_registry_image.helloworld"
          ]
        }
      ]
    },
    {
      "mode": "managed",
      "type": "docker_image",
      "name": "lambda_image",
      "provider": "provider[\"registry.terraform.io/kreuzwerker/docker\"]",
      "instances": [
        {
          "schema_version": 0,
          "attributes": {
            "build": [
              {
                "auth_config": [],
                "build_arg": {},
                "build_args": {},
                "build_id": "",
                "cache_from": [],
                "cgroup_parent": "",
                "context": "../files",
                "cpu_period": 0,
                "cpu_quota": 0,
                "cpu_set_cpus": "",
                "cpu_set_mems": "",
                "cpu_shares": 0,
                "dockerfile": "Dockerfile",
                "extra_hosts": [],
                "force_remove": false,
                "isolation": "",
                "label": {},
                "labels": {},
                "memory": 0,
                "memory_swap": 0,
                "network_mode": "",
                "no_cache": false,
                "platform": "",
                "pull_parent": false,
                "remote_context": "",
                "remove": true,
                "security_opt": [],
                "session_id": "",
                "shm_size": 0,
                "squash": false,
                "suppress_output": false,
                "tag": [],
                "target": "",
                "ulimit": [],
                "version": ""
              }
            ],
            "force_remove": null,
            "id": "sha256:f0e3a28e32c83dfdb170f67bd4a2f2130fda88d0ef59d805a9f4704cd171f614339712899280.dkr.ecr.eu-north-1.amazonaws.com/repo_rox_api_services:latest",
            "image_id": "sha256:f0e3a28e32c83dfdb170f67bd4a2f2130fda88d0ef59d805a9f4704cd171f614",
            "keep_locally": null,
            "name": "339712899280.dkr.ecr.eu-north-1.amazonaws.com/repo_rox_api_services:latest",
            "platform": null,
            "pull_triggers": null,
            "repo_digest": "339712899280.dkr.ecr.eu-north-1.amazonaws.com/repo_rox_api_services@sha256:8f64253bcc0399f66eb9306084d46c62bc9574463adf4f042b06c1a08436bbf3",
            "triggers": {
              "dir_sha1": "fec1b75759a559574a117fcc64c3ec5da39b314e"
            }
          },
          "sensitive_attributes": [],
          "private": "bnVsbA==",
          "dependencies": [
            "aws_ecr_repository.shedular",
            "data.aws_caller_identity.current",
            "data.aws_ecr_authorization_token.token"
          ]
        }
      ]
    },
    {
      "mode": "managed",
      "type": "docker_registry_image",
      "name": "helloworld",
      "provider": "provider[\"registry.terraform.io/kreuzwerker/docker\"]",
      "instances": [
        {
          "schema_version": 0,
          "attributes": {
            "id": "sha256:8f64253bcc0399f66eb9306084d46c62bc9574463adf4f042b06c1a08436bbf3",
            "insecure_skip_verify": false,
            "keep_remotely": false,
            "name": "339712899280.dkr.ecr.eu-north-1.amazonaws.com/repo_rox_api_services:latest",
            "sha256_digest": "sha256:8f64253bcc0399f66eb9306084d46c62bc9574463adf4f042b06c1a08436bbf3",
            "triggers": null
          },
          "sensitive_attributes": [],
          "private": "bnVsbA==",
          "dependencies": [
            "aws_ecr_repository.shedular",
            "data.aws_caller_identity.current",
            "data.aws_ecr_authorization_token.token",
            "docker_image.lambda_image"
          ]
        }
      ]
    }
  ],
  "check_results": null
}
