{
  "version": 4,
  "terraform_version": "1.6.3",
  "serial": 261,
  "lineage": "43836e8e-c8fb-135f-4715-748d47ead1c6",
  "outputs": {},
  "resources": [
    {
      "mode": "data",
      "type": "aws_caller_identity",
      "name": "current",
      "provider": "provider[\"registry.terraform.io/hashicorp/aws\"]",
      "instances": [
        {
          "schema_version": 0,
          "attributes": {
            "account_id": "104730407992",
            "arn": "arn:aws:iam::104730407992:user/rox_test_user",
            "id": "104730407992",
            "user_id": "AIDARQYTLGQ4PTKJRXTV3"
          },
          "sensitive_attributes": []
        }
      ]
    },
    {
      "mode": "data",
      "type": "aws_ecr_authorization_token",
      "name": "token",
      "provider": "provider[\"registry.terraform.io/hashicorp/aws\"]",
      "instances": [
        {
          "schema_version": 0,
          "attributes": {
            "authorization_token": "QVdTOmV5SndZWGxzYjJGa0lqb2lTVU5EVXpOMFlUWmpWMG80TDBaSVZ6aFJTWFZIYW1kdFRFYzNObFpRY0ZCNWFVWkxkall2TXpGNWVIZEJaM0JuWVcxek1GUndaM3BxVlVGaFRYTnNPRmROWlU1SlVYZFBNbWM0V0ZReE1FVkJhWFIyUms1NVkxZzJhRTUxYkUxTmJrVm5kbUYzZEd4WVpYSXJZVmxTV1hwbVpUaE1XVmwwTlVzd1pFRlVLMjFLYUZkWVdqZGhiM2R0TkhGSWR6WjJjMW92TTBKeVVWcFhNR1JKUkhGdVlsUm5URXBzVFUxaFVYUTRVamxTZUdRemFGZDViRXhxT0ZoMlVDdDZVRUphWkVkelJEQnlZMk00ZWt0WFowUXdNbEl5V1ZCRlJFUnFOV0ZIYURSQk9VaFNOVW8zZW1KWllYRlpWMk5vUjBKRVNXaFhPVWRGVTIxelJHeDBVamRKZVRCT1ZXRkVhbTF3WTFSUVVVVmxUVmhNZUZjMVMxbDNNbVJHVHpCRlpVbExRVlExTVZSWWRrcDNjVTVqUWtsc05rNDFhRXRzVVdKSWNYVXlaRzFMU1d0WVNrOU1iamRTVUZab2MwZ3hRMnhMYkZObk1HSlpiRWM1TTAxb1JETnJUemw2UlZndlZ6SllNak5DYTFFdmNYWlBURlpZYjBsWFNGSlZjemRvTTA5U1FtZElNRlIxU0ZGS1VtdHViRTV5TlV4V1lYRklUWFVyTVhKdlVUUXhkWGh3Ukc4MFNVZE9UblYwWkVSbmR6SkhTVVJVWTI1ak1XeHBaRWQ1UnpORFEzTmtaSEEzYzBSMVlsWlBNM0pLWm5oaFJVSXZkRkZGZWtwYWIxbFlWMHg1VWpSWEsySlJWbGszUlZGMWRWTlhaSFZ1YUhaRmRWbDJhMVpGWXpoaVFtWmtXVTVqZVdsV1ZsZENMelpxWjFONFFtbGlRbXhLYTI0MlEwRTVNVE4wTUN0V1QwZG9hREozVlRKTU5pdHNOelE0WW5SRVptUnJXWGN4UVc1alNFVXhSWFEySzJkdGRscGtWbWQzYkU1bFExQmpUSE0zWkdaYVozQkVOV1l5UVZORVVFdHJkamN3ZFhadmQyTlhjelpJVDAxaWIzWnBlbEJ1VjJwV1JGVmthV0ZrZFdFdk1DczVZVmRDWW0weE5VbEdZWGhKZVRSUGRqVlJTRnBhZDFod2VVMTZhV2hGU2pGVE9WQmlNSHAxU1VvMmFGRnhLMGt4YldNd05teHllVEJUYkZaTGRXMTBaalYyUlM4NGVVcHpXaTkyYXk5SU4wTllURlpqZUV0RFEyUXhUakI0WlhaWVR6TldhWEpEZERKblltSkdlakZ2ZW0xWVNWbFFWMVI1ZVZnelRrZERSVGRrY0VKaWNGaDFNR1pDUkV4ekt5dFNhMmQzY0dkeWJEZE1hRFZLVTFodE0wOW1lR05IV21ZMlpsRkJiVlZ4ZHpNclRIcHJhRWhSV0hwT1IyaENNVmh1WVc1b01EbHlMek5KVUhGeGNFcGtNbU5sTW5GVlJEbDJiMHROZUhCSVdubGFUa2hUTWtaek4wMWtkR2xaYkZaTllXWmhTWGxNZUdnNWNqSXJhbkpPYWpkcGQzSndaak5yV2xwbFRtRmxlbTh4WkdWVmMxbEpabVZtVEVzeE5VRkJhMVJMYldKcVdVNXhka1pHYWxWRFEwaERjRnBHVTBoV1FXZHVZMHg2VFdGemVYRnNWa2htWVc1a1ZrRnZjMkpXZG1oa0wxQkdWVE40UjFaS1RXZ3JUQ3MzUlRodk4yd3ZXVFpqZFRSSk1VNDRWVTlTYWpkTmJubHRha041UkVOUVJYUlpabHBoWlc4eGR6MDlJaXdpWkdGMFlXdGxlU0k2SWtGUlJVSkJTR2dyWkZNclFteE9kVEJPZUc1WWQyOTNZa2xNY3pFeE5YbHFaQ3RNVGtGYWFFSk1Xbk4xYms5NGF6TkJRVUZCU0RSM1prRlpTa3R2V2tsb2RtTk9RVkZqUjI5SE9IZGlVVWxDUVVSQ2IwSm5hM0ZvYTJsSE9YY3dRa0ozUlhkSVoxbEtXVWxhU1VGWFZVUkNRVVYxVFVKRlJVUkpLMDFJTTNWSFprYzJjVzl2VlUxbVowbENSVWxCTjFFcmNraGlVWE54Y0dWNFMwWnFVR0ZDYjNWeE5VMHhRbVZrU0hKS1JWUjNMMFJQY21aMFFVMWpORFkxWnprME1FeGlRa3RGT0dSMFdGbEtNV1IyVTFnMVQxVlBTR3hsVWs4ME5XczJZelE5SWl3aWRtVnljMmx2YmlJNklqSWlMQ0owZVhCbElqb2lSRUZVUVY5TFJWa2lMQ0psZUhCcGNtRjBhVzl1SWpveE56QTNNelUzT1RjMGZRPT0=",
            "expires_at": "2024-02-08T02:06:14Z",
            "id": "eu-west-1",
            "password": "eyJwYXlsb2FkIjoiSUNDUzN0YTZjV0o4L0ZIVzhRSXVHamdtTEc3NlZQcFB5aUZLdjYvMzF5eHdBZ3BnYW1zMFRwZ3pqVUFhTXNsOFdNZU5JUXdPMmc4WFQxMEVBaXR2Rk55Y1g2aE51bE1NbkVndmF3dGxYZXIrYVlSWXpmZThMWVl0NUswZEFUK21KaFdYWjdhb3dtNHFIdzZ2c1ovM0JyUVpXMGRJRHFuYlRnTEpsTU1hUXQ4UjlSeGQzaFd5bExqOFh2UCt6UEJaZEdzRDByY2M4ektXZ0QwMlIyWVBFRERqNWFHaDRBOUhSNUo3emJZYXFZV2NoR0JESWhXOUdFU21zRGx0UjdJeTBOVWFEam1wY1RQUUVlTVhMeFc1S1l3MmRGTzBFZUlLQVQ1MVRYdkp3cU5jQklsNk41aEtsUWJIcXUyZG1LSWtYSk9MbjdSUFZoc0gxQ2xLbFNnMGJZbEc5M01oRDNrTzl6RVgvVzJYMjNCa1EvcXZPTFZYb0lXSFJVczdoM09SQmdIMFR1SFFKUmtubE5yNUxWYXFITXUrMXJvUTQxdXhwRG80SUdOTnV0ZERndzJHSURUY25jMWxpZEd5RzNDQ3NkZHA3c0R1YlZPM3JKZnhhRUIvdFFFekpab1lYV0x5UjRXK2JRVlk3RVF1dVNXZHVuaHZFdVl2a1ZFYzhiQmZkWU5jeWlWVldCLzZqZ1N4QmliQmxKa242Q0E5MTN0MCtWT0doaDJ3VTJMNitsNzQ4YnREZmRrWXcxQW5jSEUxRXQ2K2dtdlpkVmd3bE5lQ1BjTHM3ZGZaZ3BENWYyQVNEUEtrdjcwdXZvd2NXczZIT01ib3ZpelBuV2pWRFVkaWFkdWEvMCs5YVdCYm0xNUlGYXhJeTRPdjVRSFpad1hweU16aWhFSjFTOVBiMHp1SUo2aFFxK0kxbWMwNmxyeTBTbFZLdW10ZjV2RS84eUpzWi92ay9IN0NYTFZjeEtDQ2QxTjB4ZXZYTzNWaXJDdDJnYmJGejFvem1YSVlQV1R5eVgzTkdDRTdkcEJicFh1MGZCRExzKytSa2d3cGdybDdMaDVKU1htM09meGNHWmY2ZlFBbVVxdzMrTHpraEhRWHpOR2hCMVhuYW5oMDlyLzNJUHFxcEpkMmNlMnFVRDl2b0tNeHBIWnlaTkhTMkZzN01kdGlZbFZNYWZhSXlMeGg5cjIranJOajdpd3JwZjNrWlplTmFlem8xZGVVc1lJZmVmTEsxNUFBa1RLbWJqWU5xdkZGalVDQ0hDcFpGU0hWQWduY0x6TWFzeXFsVkhmYW5kVkFvc2JWdmhkL1BGVTN4R1ZKTWgrTCs3RThvN2wvWTZjdTRJMU44VU9SajdNbnltakN5RENQRXRZZlphZW8xdz09IiwiZGF0YWtleSI6IkFRRUJBSGgrZFMrQmxOdTBOeG5Yd293YklMczExNXlqZCtMTkFaaEJMWnN1bk94azNBQUFBSDR3ZkFZSktvWklodmNOQVFjR29HOHdiUUlCQURCb0Jna3Foa2lHOXcwQkJ3RXdIZ1lKWUlaSUFXVURCQUV1TUJFRURJK01IM3VHZkc2cW9vVU1mZ0lCRUlBN1ErckhiUXNxcGV4S0ZqUGFCb3VxNU0xQmVkSHJKRVR3L0RPcmZ0QU1jNDY1Zzk0MExiQktFOGR0WFlKMWR2U1g1T1VPSGxlUk80NWs2YzQ9IiwidmVyc2lvbiI6IjIiLCJ0eXBlIjoiREFUQV9LRVkiLCJleHBpcmF0aW9uIjoxNzA3MzU3OTc0fQ==",
            "proxy_endpoint": "https://104730407992.dkr.ecr.eu-west-1.amazonaws.com",
            "registry_id": null,
            "user_name": "AWS"
          },
          "sensitive_attributes": []
        }
      ]
    },
    {
      "mode": "data",
      "type": "aws_iam_policy_document",
      "name": "assume_role",
      "provider": "provider[\"registry.terraform.io/hashicorp/aws\"]",
      "instances": [
        {
          "schema_version": 0,
          "attributes": {
            "id": "1604711841",
            "json": "{\n  \"Version\": \"2012-10-17\",\n  \"Statement\": [\n    {\n      \"Effect\": \"Allow\",\n      \"Action\": \"sts:AssumeRole\",\n      \"Principal\": {\n        \"Service\": \"lambda.amazonaws.com\"\n      }\n    }\n  ]\n}",
            "override_policy_documents": null,
            "policy_id": null,
            "source_policy_documents": null,
            "statement": [
              {
                "actions": [
                  "sts:AssumeRole"
                ],
                "condition": [],
                "effect": "Allow",
                "not_actions": [],
                "not_principals": [],
                "not_resources": [],
                "principals": [
                  {
                    "identifiers": [
                      "lambda.amazonaws.com"
                    ],
                    "type": "Service"
                  }
                ],
                "resources": [],
                "sid": ""
              }
            ],
            "version": "2012-10-17"
          },
          "sensitive_attributes": []
        }
      ]
    },
    {
      "mode": "data",
      "type": "aws_iam_policy_document",
      "name": "cloudwatch_policy",
      "provider": "provider[\"registry.terraform.io/hashicorp/aws\"]",
      "instances": [
        {
          "schema_version": 0,
          "attributes": {
            "id": "16712114",
            "json": "{\n  \"Version\": \"2012-10-17\",\n  \"Statement\": [\n    {\n      \"Effect\": \"Allow\",\n      \"Action\": [\n        \"logs:PutLogEvents\",\n        \"logs:CreateLogStream\",\n        \"logs:CreateLogGroup\"\n      ],\n      \"Resource\": \"arn:aws:logs:*:*:*\"\n    }\n  ]\n}",
            "override_policy_documents": null,
            "policy_id": null,
            "source_policy_documents": null,
            "statement": [
              {
                "actions": [
                  "logs:CreateLogGroup",
                  "logs:CreateLogStream",
                  "logs:PutLogEvents"
                ],
                "condition": [],
                "effect": "Allow",
                "not_actions": [],
                "not_principals": [],
                "not_resources": [],
                "principals": [],
                "resources": [
                  "arn:aws:logs:*:*:*"
                ],
                "sid": ""
              }
            ],
            "version": "2012-10-17"
          },
          "sensitive_attributes": []
        }
      ]
    },
    {
      "mode": "managed",
      "type": "aws_ecr_repository",
      "name": "shedular",
      "provider": "provider[\"registry.terraform.io/hashicorp/aws\"]",
      "instances": [
        {
          "schema_version": 0,
          "attributes": {
            "arn": "arn:aws:ecr:eu-west-1:104730407992:repository/shedular-rox_sheduled_posting",
            "encryption_configuration": [
              {
                "encryption_type": "AES256",
                "kms_key": ""
              }
            ],
            "force_delete": null,
            "id": "shedular-rox_sheduled_posting",
            "image_scanning_configuration": [
              {
                "scan_on_push": false
              }
            ],
            "image_tag_mutability": "MUTABLE",
            "name": "shedular-rox_sheduled_posting",
            "registry_id": "104730407992",
            "repository_url": "104730407992.dkr.ecr.eu-west-1.amazonaws.com/shedular-rox_sheduled_posting",
            "tags": null,
            "tags_all": {},
            "timeouts": null
          },
          "sensitive_attributes": [],
          "private": "eyJlMmJmYjczMC1lY2FhLTExZTYtOGY4OC0zNDM2M2JjN2M0YzAiOnsiZGVsZXRlIjoxMjAwMDAwMDAwMDAwfX0="
        }
      ]
    },
    {
      "mode": "managed",
      "type": "aws_iam_role",
      "name": "iam_for_lambda",
      "provider": "provider[\"registry.terraform.io/hashicorp/aws\"]",
      "instances": [
        {
          "schema_version": 0,
          "attributes": {
            "arn": "arn:aws:iam::104730407992:role/iam_for_lambda_sheduler_fuction_rox_sheduled_posting",
            "assume_role_policy": "{\"Statement\":[{\"Action\":\"sts:AssumeRole\",\"Effect\":\"Allow\",\"Principal\":{\"Service\":\"lambda.amazonaws.com\"}}],\"Version\":\"2012-10-17\"}",
            "create_date": "2024-02-07T14:06:18Z",
            "description": "",
            "force_detach_policies": false,
            "id": "iam_for_lambda_sheduler_fuction_rox_sheduled_posting",
            "inline_policy": [],
            "managed_policy_arns": [],
            "max_session_duration": 3600,
            "name": "iam_for_lambda_sheduler_fuction_rox_sheduled_posting",
            "name_prefix": "",
            "path": "/",
            "permissions_boundary": "",
            "tags": null,
            "tags_all": {},
            "unique_id": "AROARQYTLGQ4HAWR2GTHK"
          },
          "sensitive_attributes": [],
          "private": "bnVsbA==",
          "dependencies": [
            "data.aws_iam_policy_document.assume_role"
          ]
        }
      ]
    },
    {
      "mode": "managed",
      "type": "aws_iam_role_policy",
      "name": "cloudwatch_policy",
      "provider": "provider[\"registry.terraform.io/hashicorp/aws\"]",
      "instances": [
        {
          "schema_version": 0,
          "attributes": {
            "id": "iam_for_lambda_sheduler_fuction_rox_sheduled_posting:cloudwatch_lambda_policy",
            "name": "cloudwatch_lambda_policy",
            "name_prefix": "",
            "policy": "{\"Version\":\"2012-10-17\",\"Statement\":[{\"Action\":[\"logs:PutLogEvents\",\"logs:CreateLogStream\",\"logs:CreateLogGroup\"],\"Effect\":\"Allow\",\"Resource\":\"arn:aws:logs:*:*:*\"}]}",
            "role": "iam_for_lambda_sheduler_fuction_rox_sheduled_posting"
          },
          "sensitive_attributes": [],
          "private": "bnVsbA==",
          "dependencies": [
            "aws_iam_role.iam_for_lambda",
            "data.aws_iam_policy_document.assume_role",
            "data.aws_iam_policy_document.cloudwatch_policy"
          ]
        }
      ]
    },
    {
      "mode": "managed",
      "type": "aws_lambda_function",
      "name": "test_lambda",
      "provider": "provider[\"registry.terraform.io/hashicorp/aws\"]",
      "instances": [
        {
          "schema_version": 0,
          "attributes": {
            "architectures": [
              "x86_64"
            ],
            "arn": "arn:aws:lambda:eu-west-1:104730407992:function:sheduler_fuction_rox_sheduled_posting",
            "code_signing_config_arn": "",
            "dead_letter_config": [],
            "description": "",
            "environment": [],
            "ephemeral_storage": [
              {
                "size": 512
              }
            ],
            "file_system_config": [],
            "filename": null,
            "function_name": "sheduler_fuction_rox_sheduled_posting",
            "handler": "",
            "id": "sheduler_fuction_rox_sheduled_posting",
            "image_config": [],
            "image_uri": "104730407992.dkr.ecr.eu-west-1.amazonaws.com/shedular-rox_sheduled_posting:latest",
            "invoke_arn": "arn:aws:apigateway:eu-west-1:lambda:path/2015-03-31/functions/arn:aws:lambda:eu-west-1:104730407992:function:sheduler_fuction_rox_sheduled_posting/invocations",
            "kms_key_arn": "",
            "last_modified": "2024-02-07T14:07:18.555+0000",
            "layers": null,
            "logging_config": [
              {
                "application_log_level": "",
                "log_format": "Text",
                "log_group": "/aws/lambda/sheduler_fuction_rox_sheduled_posting",
                "system_log_level": ""
              }
            ],
            "memory_size": 128,
            "package_type": "Image",
            "publish": false,
            "qualified_arn": "arn:aws:lambda:eu-west-1:104730407992:function:sheduler_fuction_rox_sheduled_posting:$LATEST",
            "qualified_invoke_arn": "arn:aws:apigateway:eu-west-1:lambda:path/2015-03-31/functions/arn:aws:lambda:eu-west-1:104730407992:function:sheduler_fuction_rox_sheduled_posting:$LATEST/invocations",
            "replace_security_groups_on_destroy": null,
            "replacement_security_group_ids": null,
            "reserved_concurrent_executions": -1,
            "role": "arn:aws:iam::104730407992:role/iam_for_lambda_sheduler_fuction_rox_sheduled_posting",
            "runtime": "",
            "s3_bucket": null,
            "s3_key": null,
            "s3_object_version": null,
            "signing_job_arn": "",
            "signing_profile_version_arn": "",
            "skip_destroy": false,
            "snap_start": [],
            "source_code_hash": "deff6130706b78dcd819d5240d71a0583983ae46d7c99fcf092feda6b68c8b5e",
            "source_code_size": 0,
            "tags": null,
            "tags_all": {},
            "timeout": 10,
            "timeouts": null,
            "tracing_config": [
              {
                "mode": "PassThrough"
              }
            ],
            "version": "$LATEST",
            "vpc_config": []
          },
          "sensitive_attributes": [],
          "private": "eyJlMmJmYjczMC1lY2FhLTExZTYtOGY4OC0zNDM2M2JjN2M0YzAiOnsiY3JlYXRlIjo2MDAwMDAwMDAwMDAsImRlbGV0ZSI6NjAwMDAwMDAwMDAwLCJ1cGRhdGUiOjYwMDAwMDAwMDAwMH19",
          "dependencies": [
            "aws_ecr_repository.shedular",
            "aws_iam_role.iam_for_lambda",
            "data.aws_caller_identity.current",
            "data.aws_ecr_authorization_token.token",
            "data.aws_iam_policy_document.assume_role",
            "docker_image.lambda_image",
            "docker_registry_image.helloworld"
          ]
        }
      ]
    },
    {
      "mode": "managed",
      "type": "docker_image",
      "name": "lambda_image",
      "provider": "provider[\"registry.terraform.io/kreuzwerker/docker\"]",
      "instances": [
        {
          "schema_version": 0,
          "attributes": {
            "build": [
              {
                "auth_config": [],
                "build_arg": null,
                "build_args": null,
                "build_id": "",
                "cache_from": [],
                "cgroup_parent": "",
                "context": "../files",
                "cpu_period": null,
                "cpu_quota": null,
                "cpu_set_cpus": "",
                "cpu_set_mems": "",
                "cpu_shares": null,
                "dockerfile": "Dockerfile",
                "extra_hosts": [],
                "force_remove": null,
                "isolation": "",
                "label": null,
                "labels": null,
                "memory": null,
                "memory_swap": null,
                "network_mode": "",
                "no_cache": null,
                "platform": "",
                "pull_parent": null,
                "remote_context": "",
                "remove": true,
                "security_opt": [],
                "session_id": "",
                "shm_size": null,
                "squash": null,
                "suppress_output": null,
                "tag": [],
                "target": "",
                "ulimit": [],
                "version": ""
              }
            ],
            "force_remove": null,
            "id": "sha256:8490e1897d86d3c3910d1ac5c8c2c25c7b98139d712eef6a0c7323ec3c24a1f2104730407992.dkr.ecr.eu-west-1.amazonaws.com/shedular-rox_sheduled_posting:latest",
            "image_id": "sha256:8490e1897d86d3c3910d1ac5c8c2c25c7b98139d712eef6a0c7323ec3c24a1f2",
            "keep_locally": null,
            "name": "104730407992.dkr.ecr.eu-west-1.amazonaws.com/shedular-rox_sheduled_posting:latest",
            "platform": null,
            "pull_triggers": null,
            "repo_digest": "",
            "triggers": {
              "dir_sha1": "1fa713a375d3e125ed3e8c5a987a7ac900a95028"
            }
          },
          "sensitive_attributes": [],
          "private": "bnVsbA==",
          "dependencies": [
            "aws_ecr_repository.shedular",
            "data.aws_caller_identity.current",
            "data.aws_ecr_authorization_token.token"
          ]
        }
      ]
    },
    {
      "mode": "managed",
      "type": "docker_registry_image",
      "name": "helloworld",
      "provider": "provider[\"registry.terraform.io/kreuzwerker/docker\"]",
      "instances": [
        {
          "schema_version": 0,
          "attributes": {
            "id": "sha256:deff6130706b78dcd819d5240d71a0583983ae46d7c99fcf092feda6b68c8b5e",
            "insecure_skip_verify": false,
            "keep_remotely": false,
            "name": "104730407992.dkr.ecr.eu-west-1.amazonaws.com/shedular-rox_sheduled_posting:latest",
            "sha256_digest": "sha256:deff6130706b78dcd819d5240d71a0583983ae46d7c99fcf092feda6b68c8b5e",
            "triggers": null
          },
          "sensitive_attributes": [],
          "private": "bnVsbA==",
          "dependencies": [
            "aws_ecr_repository.shedular",
            "data.aws_caller_identity.current",
            "data.aws_ecr_authorization_token.token",
            "docker_image.lambda_image"
          ]
        }
      ]
    }
  ],
  "check_results": null
}
